
Microsoft Visual Studio Solution File, Format Version 12.00
# Visual Studio Version 16
VisualStudioVersion = 16.0.31624.102
MinimumVisualStudioVersion = 10.0.40219.1
Project("{FAE04EC0-301F-11D3-BF4B-00C04F79EFBC}") = "DatetimeChanger", "DatetimeChanger.csproj", "{DA43AD99-1FA4-41A2-AC91-2B06055061EE}"
EndProject
Global
	GlobalSection(SolutionConfigurationPlatforms) = preSolution
		Debug|Any CPU = Debug|Any CPU
		Release|Any CPU = Release|Any CPU
	EndGlobalSection
	GlobalSection(ProjectConfigurationPlatforms) = postSolution
		{DA43AD99-1FA4-41A2-AC91-2B06055061EE}.Debug|Any CPU.ActiveCfg = Debug|Any CPU
		{DA43AD99-1FA4-41A2-AC91-2B06055061EE}.Debug|Any CPU.Build.0 = Debug|Any CPU
		{DA43AD99-1FA4-41A2-AC91-2B06055061EE}.Release|Any CPU.ActiveCfg = Release|Any CPU
		{DA43AD99-1FA4-41A2-AC91-2B06055061EE}.Release|Any CPU.Build.0 = Release|Any CPU
	EndGlobalSection
	GlobalSection(SolutionProperties) = preSolution
		HideSolutionNode = FALSE
	EndGlobalSection
	GlobalSection(ExtensibilityGlobals) = postSolution
		SolutionGuid = {0743AF5C-040B-4928-AA64-049406DBB564}
	EndGlobalSection
EndGlobal
